
Microsoft Visual Studio Solution File, Format Version 12.00
# Visual Studio Version 17
VisualStudioVersion = 17.4.33213.308
MinimumVisualStudioVersion = 10.0.40219.1
Project("{9A19103F-16F7-4668-BE54-9A1E7A4F7556}") = "EmBillingWebAPI.Domain", "EmBillingWebAPI.Domain\EmBillingWebAPI.Domain.csproj", "{490298F8-C3D0-40C3-AC67-CF4899835D9F}"
EndProject
Project("{9A19103F-16F7-4668-BE54-9A1E7A4F7556}") = "EmBillingWebAPI.Manager", "EmBillingWebAPI.Application\EmBillingWebAPI.Manager.csproj", "{D60B16A1-F794-4956-8AD8-AC37C9A7D5A5}"
EndProject
Project("{9A19103F-16F7-4668-BE54-9A1E7A4F7556}") = "EmBillingWebAPI.Infrastructure", "EmBillingWebAPI.Infrastructure\EmBillingWebAPI.Infrastructure.csproj", "{438F5FC1-3B07-4AFC-9965-672AAAC4D2BB}"
EndProject
Project("{9A19103F-16F7-4668-BE54-9A1E7A4F7556}") = "EmBillingWebAPI.API", "EmBillingWebAPI.API\EmBillingWebAPI.API.csproj", "{4851F948-5253-4B2D-B706-5AC854EB5BDC}"
EndProject
Global
	GlobalSection(SolutionConfigurationPlatforms) = preSolution
		Debug|Any CPU = Debug|Any CPU
		Release|Any CPU = Release|Any CPU
	EndGlobalSection
	GlobalSection(ProjectConfigurationPlatforms) = postSolution
		{490298F8-C3D0-40C3-AC67-CF4899835D9F}.Debug|Any CPU.ActiveCfg = Debug|Any CPU
		{490298F8-C3D0-40C3-AC67-CF4899835D9F}.Debug|Any CPU.Build.0 = Debug|Any CPU
		{490298F8-C3D0-40C3-AC67-CF4899835D9F}.Release|Any CPU.ActiveCfg = Release|Any CPU
		{490298F8-C3D0-40C3-AC67-CF4899835D9F}.Release|Any CPU.Build.0 = Release|Any CPU
		{D60B16A1-F794-4956-8AD8-AC37C9A7D5A5}.Debug|Any CPU.ActiveCfg = Debug|Any CPU
		{D60B16A1-F794-4956-8AD8-AC37C9A7D5A5}.Debug|Any CPU.Build.0 = Debug|Any CPU
		{D60B16A1-F794-4956-8AD8-AC37C9A7D5A5}.Release|Any CPU.ActiveCfg = Release|Any CPU
		{D60B16A1-F794-4956-8AD8-AC37C9A7D5A5}.Release|Any CPU.Build.0 = Release|Any CPU
		{438F5FC1-3B07-4AFC-9965-672AAAC4D2BB}.Debug|Any CPU.ActiveCfg = Debug|Any CPU
		{438F5FC1-3B07-4AFC-9965-672AAAC4D2BB}.Debug|Any CPU.Build.0 = Debug|Any CPU
		{438F5FC1-3B07-4AFC-9965-672AAAC4D2BB}.Release|Any CPU.ActiveCfg = Release|Any CPU
		{438F5FC1-3B07-4AFC-9965-672AAAC4D2BB}.Release|Any CPU.Build.0 = Release|Any CPU
		{4851F948-5253-4B2D-B706-5AC854EB5BDC}.Debug|Any CPU.ActiveCfg = Debug|Any CPU
		{4851F948-5253-4B2D-B706-5AC854EB5BDC}.Debug|Any CPU.Build.0 = Debug|Any CPU
		{4851F948-5253-4B2D-B706-5AC854EB5BDC}.Release|Any CPU.ActiveCfg = Release|Any CPU
		{4851F948-5253-4B2D-B706-5AC854EB5BDC}.Release|Any CPU.Build.0 = Release|Any CPU
	EndGlobalSection
	GlobalSection(SolutionProperties) = preSolution
		HideSolutionNode = FALSE
	EndGlobalSection
	GlobalSection(ExtensibilityGlobals) = postSolution
		SolutionGuid = {FEF890D5-A584-4223-98CD-4310B3273D69}
	EndGlobalSection
EndGlobal
